// !$*UTF8*$!
{
	archiveVersion = 1;
	classes = {
	};
	objectVersion = 56;
	objects = {

/* Begin PBXBuildFile section */
		BE07C3DB2AF674C700E272E4 /* ShipViewController.swift in Sources */ = {isa = PBXBuildFile; fileRef = BE07C3DA2AF674C700E272E4 /* ShipViewController.swift */; };
		BE07C3DD2AF67B3800E272E4 /* ShipFittingViewController.swift in Sources */ = {isa = PBXBuildFile; fileRef = BE07C3DC2AF67B3800E272E4 /* ShipFittingViewController.swift */; };
		BE07C3E12AF67F2100E272E4 /* ShipFittingView.swift in Sources */ = {isa = PBXBuildFile; fileRef = BE07C3E02AF67F2100E272E4 /* ShipFittingView.swift */; };
		BE07C3E42AF68B8400E272E4 /* ShipUIViewModel.swift in Sources */ = {isa = PBXBuildFile; fileRef = BE07C3E32AF68B8400E272E4 /* ShipUIViewModel.swift */; };
		BE07C3E62AF6984100E272E4 /* ShipFittingViewModel.swift in Sources */ = {isa = PBXBuildFile; fileRef = BE07C3E52AF6984100E272E4 /* ShipFittingViewModel.swift */; };
		BE07C3EA2AF6B9C300E272E4 /* FittingCell.swift in Sources */ = {isa = PBXBuildFile; fileRef = BE07C3E92AF6B9C200E272E4 /* FittingCell.swift */; };
		BE07C3EC2AF6BF6F00E272E4 /* UICollectionView+Extension.swift in Sources */ = {isa = PBXBuildFile; fileRef = BE07C3EB2AF6BF6F00E272E4 /* UICollectionView+Extension.swift */; };
		BE07C3EE2AF6E36600E272E4 /* HeaderView.swift in Sources */ = {isa = PBXBuildFile; fileRef = BE07C3ED2AF6E36600E272E4 /* HeaderView.swift */; };
		BE07C3F12AF6EBEB00E272E4 /* Section.swift in Sources */ = {isa = PBXBuildFile; fileRef = BE07C3F02AF6EBEB00E272E4 /* Section.swift */; };
		BE07C3F42AF6F0E200E272E4 /* PowerViewController.swift in Sources */ = {isa = PBXBuildFile; fileRef = BE07C3F32AF6F0E200E272E4 /* PowerViewController.swift */; };
		BE07C4092AF7091400E272E4 /* SnapKit in Frameworks */ = {isa = PBXBuildFile; productRef = BE07C4082AF7091400E272E4 /* SnapKit */; };
		BE07C40B2AF7091400E272E4 /* SnapKit-Dynamic in Frameworks */ = {isa = PBXBuildFile; productRef = BE07C40A2AF7091400E272E4 /* SnapKit-Dynamic */; };
		BE07C40E2AF7E5CD00E272E4 /* SlotFittingViewController.swift in Sources */ = {isa = PBXBuildFile; fileRef = BE07C40D2AF7E5CD00E272E4 /* SlotFittingViewController.swift */; };
		BE4D01112AE6A057005CA4CA /* ViewsFactory.swift in Sources */ = {isa = PBXBuildFile; fileRef = BE4D01102AE6A057005CA4CA /* ViewsFactory.swift */; };
		BE952F522AF531E400CBAEFC /* SelectionViewModel.swift in Sources */ = {isa = PBXBuildFile; fileRef = BE952F512AF531E400CBAEFC /* SelectionViewModel.swift */; };
		BE952F562AF537CD00CBAEFC /* ShipSubTypeViewController.swift in Sources */ = {isa = PBXBuildFile; fileRef = BE952F552AF537CD00CBAEFC /* ShipSubTypeViewController.swift */; };
		BE952F592AF5404A00CBAEFC /* Nameable.swift in Sources */ = {isa = PBXBuildFile; fileRef = BE952F582AF5404A00CBAEFC /* Nameable.swift */; };
		BEAA532A2AF43E4300E44AE4 /* SelectionView.swift in Sources */ = {isa = PBXBuildFile; fileRef = BEAA53292AF43E4300E44AE4 /* SelectionView.swift */; };
		BEAA532D2AF446A800E44AE4 /* ShipDataService.swift in Sources */ = {isa = PBXBuildFile; fileRef = BEAA532C2AF446A800E44AE4 /* ShipDataService.swift */; };
		BEAA532F2AF4479800E44AE4 /* UniversalDataCell.swift in Sources */ = {isa = PBXBuildFile; fileRef = BEAA532E2AF4479800E44AE4 /* UniversalDataCell.swift */; };
		BEAC9BD729E43834009987A3 /* MainTabBarController.swift in Sources */ = {isa = PBXBuildFile; fileRef = BEAC9BD629E43834009987A3 /* MainTabBarController.swift */; };
		BEB0624229D1AE2B005AEB24 /* Colors.swift in Sources */ = {isa = PBXBuildFile; fileRef = BEB0624129D1AE2B005AEB24 /* Colors.swift */; };
		BEB0624429D1B5A0005AEB24 /* Images.swift in Sources */ = {isa = PBXBuildFile; fileRef = BEB0624329D1B5A0005AEB24 /* Images.swift */; };
		BEB0624729D1B71F005AEB24 /* Fonts.swift in Sources */ = {isa = PBXBuildFile; fileRef = BEB0624629D1B71F005AEB24 /* Fonts.swift */; };
		BEB7D0A329CF18AE002B3431 /* AppDelegate.swift in Sources */ = {isa = PBXBuildFile; fileRef = BEB7D0A229CF18AE002B3431 /* AppDelegate.swift */; };
		BEB7D0A529CF18AE002B3431 /* SceneDelegate.swift in Sources */ = {isa = PBXBuildFile; fileRef = BEB7D0A429CF18AE002B3431 /* SceneDelegate.swift */; };
		BEB7D0A729CF18AE002B3431 /* MainViewController.swift in Sources */ = {isa = PBXBuildFile; fileRef = BEB7D0A629CF18AE002B3431 /* MainViewController.swift */; };
		BEB7D0AC29CF18B3002B3431 /* Assets.xcassets in Resources */ = {isa = PBXBuildFile; fileRef = BEB7D0AB29CF18B3002B3431 /* Assets.xcassets */; };
		BEB7D0AF29CF18B3002B3431 /* LaunchScreen.storyboard in Resources */ = {isa = PBXBuildFile; fileRef = BEB7D0AD29CF18B3002B3431 /* LaunchScreen.storyboard */; };
		BEB7D0C629CF5D1A002B3431 /* UIView+Extension.swift in Sources */ = {isa = PBXBuildFile; fileRef = BEB7D0C529CF5D1A002B3431 /* UIView+Extension.swift */; };
		BEC331E72AEA957100630D0D /* MainViewModel.swift in Sources */ = {isa = PBXBuildFile; fileRef = BEC331E62AEA957100630D0D /* MainViewModel.swift */; };
		BEC331ED2AEA97B600630D0D /* MainModels.swift in Sources */ = {isa = PBXBuildFile; fileRef = BEC331EC2AEA97B600630D0D /* MainModels.swift */; };
		BEC331F22AEAB6AD00630D0D /* ShipTypeViewController.swift in Sources */ = {isa = PBXBuildFile; fileRef = BEC331F12AEAB6AD00630D0D /* ShipTypeViewController.swift */; };
		BEC332182AEBA29400630D0D /* NavigationRouter.swift in Sources */ = {isa = PBXBuildFile; fileRef = BEC332172AEBA29400630D0D /* NavigationRouter.swift */; };
		BEEA422529D03B57008B98E4 /* ShipCell.swift in Sources */ = {isa = PBXBuildFile; fileRef = BEEA422429D03B57008B98E4 /* ShipCell.swift */; };
		BEEA422729D044B2008B98E4 /* UIColor+Extension.swift in Sources */ = {isa = PBXBuildFile; fileRef = BEEA422629D044B2008B98E4 /* UIColor+Extension.swift */; };
		BEEA422D29D06CB6008B98E4 /* Figtree-ExtraBold.ttf in Resources */ = {isa = PBXBuildFile; fileRef = BEEA422C29D06CB6008B98E4 /* Figtree-ExtraBold.ttf */; };
		BEEA423029D09684008B98E4 /* Figtree-Regular.ttf in Resources */ = {isa = PBXBuildFile; fileRef = BEEA422F29D09684008B98E4 /* Figtree-Regular.ttf */; };
/* End PBXBuildFile section */

/* Begin PBXCopyFilesBuildPhase section */
		BE07C3F62AF6FE3600E272E4 /* Embed Frameworks */ = {
			isa = PBXCopyFilesBuildPhase;
			buildActionMask = 12;
			dstPath = "";
			dstSubfolderSpec = 10;
			files = (
			);
			name = "Embed Frameworks";
			runOnlyForDeploymentPostprocessing = 0;
		};
/* End PBXCopyFilesBuildPhase section */

/* Begin PBXFileReference section */
		BE07C3DA2AF674C700E272E4 /* ShipViewController.swift */ = {isa = PBXFileReference; lastKnownFileType = sourcecode.swift; path = ShipViewController.swift; sourceTree = "<group>"; };
		BE07C3DC2AF67B3800E272E4 /* ShipFittingViewController.swift */ = {isa = PBXFileReference; lastKnownFileType = sourcecode.swift; path = ShipFittingViewController.swift; sourceTree = "<group>"; };
		BE07C3E02AF67F2100E272E4 /* ShipFittingView.swift */ = {isa = PBXFileReference; fileEncoding = 4; lastKnownFileType = sourcecode.swift; path = ShipFittingView.swift; sourceTree = "<group>"; };
		BE07C3E32AF68B8400E272E4 /* ShipUIViewModel.swift */ = {isa = PBXFileReference; lastKnownFileType = sourcecode.swift; path = ShipUIViewModel.swift; sourceTree = "<group>"; };
		BE07C3E52AF6984100E272E4 /* ShipFittingViewModel.swift */ = {isa = PBXFileReference; lastKnownFileType = sourcecode.swift; path = ShipFittingViewModel.swift; sourceTree = "<group>"; };
		BE07C3E92AF6B9C200E272E4 /* FittingCell.swift */ = {isa = PBXFileReference; fileEncoding = 4; lastKnownFileType = sourcecode.swift; path = FittingCell.swift; sourceTree = "<group>"; };
		BE07C3EB2AF6BF6F00E272E4 /* UICollectionView+Extension.swift */ = {isa = PBXFileReference; lastKnownFileType = sourcecode.swift; path = "UICollectionView+Extension.swift"; sourceTree = "<group>"; };
		BE07C3ED2AF6E36600E272E4 /* HeaderView.swift */ = {isa = PBXFileReference; lastKnownFileType = sourcecode.swift; path = HeaderView.swift; sourceTree = "<group>"; };
		BE07C3F02AF6EBEB00E272E4 /* Section.swift */ = {isa = PBXFileReference; lastKnownFileType = sourcecode.swift; path = Section.swift; sourceTree = "<group>"; };
		BE07C3F32AF6F0E200E272E4 /* PowerViewController.swift */ = {isa = PBXFileReference; lastKnownFileType = sourcecode.swift; path = PowerViewController.swift; sourceTree = "<group>"; };
		BE07C40D2AF7E5CD00E272E4 /* SlotFittingViewController.swift */ = {isa = PBXFileReference; lastKnownFileType = sourcecode.swift; path = SlotFittingViewController.swift; sourceTree = "<group>"; };
		BE4D01102AE6A057005CA4CA /* ViewsFactory.swift */ = {isa = PBXFileReference; lastKnownFileType = sourcecode.swift; path = ViewsFactory.swift; sourceTree = "<group>"; };
		BE952F512AF531E400CBAEFC /* SelectionViewModel.swift */ = {isa = PBXFileReference; lastKnownFileType = sourcecode.swift; path = SelectionViewModel.swift; sourceTree = "<group>"; };
		BE952F552AF537CD00CBAEFC /* ShipSubTypeViewController.swift */ = {isa = PBXFileReference; lastKnownFileType = sourcecode.swift; path = ShipSubTypeViewController.swift; sourceTree = "<group>"; };
		BE952F582AF5404A00CBAEFC /* Nameable.swift */ = {isa = PBXFileReference; lastKnownFileType = sourcecode.swift; path = Nameable.swift; sourceTree = "<group>"; };
		BEAA53292AF43E4300E44AE4 /* SelectionView.swift */ = {isa = PBXFileReference; lastKnownFileType = sourcecode.swift; path = SelectionView.swift; sourceTree = "<group>"; };
		BEAA532C2AF446A800E44AE4 /* ShipDataService.swift */ = {isa = PBXFileReference; lastKnownFileType = sourcecode.swift; path = ShipDataService.swift; sourceTree = "<group>"; };
		BEAA532E2AF4479800E44AE4 /* UniversalDataCell.swift */ = {isa = PBXFileReference; lastKnownFileType = sourcecode.swift; path = UniversalDataCell.swift; sourceTree = "<group>"; };
		BEAC9BD629E43834009987A3 /* MainTabBarController.swift */ = {isa = PBXFileReference; lastKnownFileType = sourcecode.swift; path = MainTabBarController.swift; sourceTree = "<group>"; };
		BEB0624129D1AE2B005AEB24 /* Colors.swift */ = {isa = PBXFileReference; lastKnownFileType = sourcecode.swift; path = Colors.swift; sourceTree = "<group>"; };
		BEB0624329D1B5A0005AEB24 /* Images.swift */ = {isa = PBXFileReference; lastKnownFileType = sourcecode.swift; path = Images.swift; sourceTree = "<group>"; };
		BEB0624629D1B71F005AEB24 /* Fonts.swift */ = {isa = PBXFileReference; lastKnownFileType = sourcecode.swift; path = Fonts.swift; sourceTree = "<group>"; };
		BEB7D09F29CF18AE002B3431 /* Cosmic Slipway.app */ = {isa = PBXFileReference; explicitFileType = wrapper.application; includeInIndex = 0; path = "Cosmic Slipway.app"; sourceTree = BUILT_PRODUCTS_DIR; };
		BEB7D0A229CF18AE002B3431 /* AppDelegate.swift */ = {isa = PBXFileReference; lastKnownFileType = sourcecode.swift; path = AppDelegate.swift; sourceTree = "<group>"; };
		BEB7D0A429CF18AE002B3431 /* SceneDelegate.swift */ = {isa = PBXFileReference; lastKnownFileType = sourcecode.swift; path = SceneDelegate.swift; sourceTree = "<group>"; };
		BEB7D0A629CF18AE002B3431 /* MainViewController.swift */ = {isa = PBXFileReference; lastKnownFileType = sourcecode.swift; path = MainViewController.swift; sourceTree = "<group>"; };
		BEB7D0AB29CF18B3002B3431 /* Assets.xcassets */ = {isa = PBXFileReference; lastKnownFileType = folder.assetcatalog; path = Assets.xcassets; sourceTree = "<group>"; };
		BEB7D0AE29CF18B3002B3431 /* Base */ = {isa = PBXFileReference; lastKnownFileType = file.storyboard; name = Base; path = Base.lproj/LaunchScreen.storyboard; sourceTree = "<group>"; };
		BEB7D0B029CF18B3002B3431 /* Info.plist */ = {isa = PBXFileReference; lastKnownFileType = text.plist.xml; path = Info.plist; sourceTree = "<group>"; };
		BEB7D0C529CF5D1A002B3431 /* UIView+Extension.swift */ = {isa = PBXFileReference; lastKnownFileType = sourcecode.swift; path = "UIView+Extension.swift"; sourceTree = "<group>"; };
		BEC331E62AEA957100630D0D /* MainViewModel.swift */ = {isa = PBXFileReference; lastKnownFileType = sourcecode.swift; path = MainViewModel.swift; sourceTree = "<group>"; };
		BEC331EC2AEA97B600630D0D /* MainModels.swift */ = {isa = PBXFileReference; lastKnownFileType = sourcecode.swift; path = MainModels.swift; sourceTree = "<group>"; };
		BEC331F12AEAB6AD00630D0D /* ShipTypeViewController.swift */ = {isa = PBXFileReference; lastKnownFileType = sourcecode.swift; path = ShipTypeViewController.swift; sourceTree = "<group>"; };
		BEC332172AEBA29400630D0D /* NavigationRouter.swift */ = {isa = PBXFileReference; lastKnownFileType = sourcecode.swift; path = NavigationRouter.swift; sourceTree = "<group>"; };
		BEEA422429D03B57008B98E4 /* ShipCell.swift */ = {isa = PBXFileReference; lastKnownFileType = sourcecode.swift; path = ShipCell.swift; sourceTree = "<group>"; };
		BEEA422629D044B2008B98E4 /* UIColor+Extension.swift */ = {isa = PBXFileReference; lastKnownFileType = sourcecode.swift; path = "UIColor+Extension.swift"; sourceTree = "<group>"; };
		BEEA422C29D06CB6008B98E4 /* Figtree-ExtraBold.ttf */ = {isa = PBXFileReference; lastKnownFileType = file; path = "Figtree-ExtraBold.ttf"; sourceTree = "<group>"; };
		BEEA422F29D09684008B98E4 /* Figtree-Regular.ttf */ = {isa = PBXFileReference; lastKnownFileType = file; path = "Figtree-Regular.ttf"; sourceTree = "<group>"; };
/* End PBXFileReference section */

/* Begin PBXFrameworksBuildPhase section */
		BEB7D09C29CF18AE002B3431 /* Frameworks */ = {
			isa = PBXFrameworksBuildPhase;
			buildActionMask = 2147483647;
			files = (
				BE07C4092AF7091400E272E4 /* SnapKit in Frameworks */,
				BE07C40B2AF7091400E272E4 /* SnapKit-Dynamic in Frameworks */,
			);
			runOnlyForDeploymentPostprocessing = 0;
		};
/* End PBXFrameworksBuildPhase section */

/* Begin PBXGroup section */
		BE07C3D92AF6749300E272E4 /* Ship */ = {
			isa = PBXGroup;
			children = (
				BE07C3DA2AF674C700E272E4 /* ShipViewController.swift */,
			);
			path = Ship;
			sourceTree = "<group>";
		};
		BE07C3DE2AF67B3D00E272E4 /* FittingShip */ = {
			isa = PBXGroup;
			children = (
				BE07C3E82AF6985000E272E4 /* View */,
				BE07C3E72AF6984800E272E4 /* ViewModel */,
			);
			path = FittingShip;
			sourceTree = "<group>";
		};
		BE07C3DF2AF67EEA00E272E4 /* FittingScreen */ = {
			isa = PBXGroup;
			children = (
				BE07C3E02AF67F2100E272E4 /* ShipFittingView.swift */,
				BE07C3E92AF6B9C200E272E4 /* FittingCell.swift */,
				BE07C3F02AF6EBEB00E272E4 /* Section.swift */,
			);
			path = FittingScreen;
			sourceTree = "<group>";
		};
		BE07C3E22AF68B5200E272E4 /* ShipsCell */ = {
			isa = PBXGroup;
			children = (
				BEEA422429D03B57008B98E4 /* ShipCell.swift */,
			);
			path = ShipsCell;
			sourceTree = "<group>";
		};
		BE07C3E72AF6984800E272E4 /* ViewModel */ = {
			isa = PBXGroup;
			children = (
				BE07C3E52AF6984100E272E4 /* ShipFittingViewModel.swift */,
			);
			path = ViewModel;
			sourceTree = "<group>";
		};
		BE07C3E82AF6985000E272E4 /* View */ = {
			isa = PBXGroup;
			children = (
				BE07C3DC2AF67B3800E272E4 /* ShipFittingViewController.swift */,
			);
			path = View;
			sourceTree = "<group>";
		};
		BE07C3EF2AF6E5D600E272E4 /* HeaderView */ = {
			isa = PBXGroup;
			children = (
				BE07C3ED2AF6E36600E272E4 /* HeaderView.swift */,
			);
			path = HeaderView;
			sourceTree = "<group>";
		};
		BE07C3F22AF6F0A300E272E4 /* Power */ = {
			isa = PBXGroup;
			children = (
				BE07C3F32AF6F0E200E272E4 /* PowerViewController.swift */,
			);
			path = Power;
			sourceTree = "<group>";
		};
		BE07C40C2AF7E5AA00E272E4 /* SlotFitting */ = {
			isa = PBXGroup;
			children = (
				BE07C40D2AF7E5CD00E272E4 /* SlotFittingViewController.swift */,
			);
			path = SlotFitting;
			sourceTree = "<group>";
		};
		BE952F532AF5377600CBAEFC /* ShipType */ = {
			isa = PBXGroup;
			children = (
				BEC331F12AEAB6AD00630D0D /* ShipTypeViewController.swift */,
			);
			path = ShipType;
			sourceTree = "<group>";
		};
		BE952F542AF5379300CBAEFC /* ShipSubType */ = {
			isa = PBXGroup;
			children = (
				BE952F552AF537CD00CBAEFC /* ShipSubTypeViewController.swift */,
			);
			path = ShipSubType;
			sourceTree = "<group>";
		};
		BE952F572AF53DE400CBAEFC /* SelectionScreens */ = {
			isa = PBXGroup;
			children = (
				BEAA532E2AF4479800E44AE4 /* UniversalDataCell.swift */,
				BEAA53292AF43E4300E44AE4 /* SelectionView.swift */,
				BE952F512AF531E400CBAEFC /* SelectionViewModel.swift */,
				BE952F582AF5404A00CBAEFC /* Nameable.swift */,
			);
			path = SelectionScreens;
			sourceTree = "<group>";
		};
		BEA553FE29DCC1BC001A1BA5 /* Models */ = {
			isa = PBXGroup;
			children = (
				BE07C3E32AF68B8400E272E4 /* ShipUIViewModel.swift */,
				BEC331EC2AEA97B600630D0D /* MainModels.swift */,
			);
			path = Models;
			sourceTree = "<group>";
		};
		BEAA53202AF4239D00E44AE4 /* ViewModel */ = {
			isa = PBXGroup;
			children = (
				BEC331E62AEA957100630D0D /* MainViewModel.swift */,
			);
			path = ViewModel;
			sourceTree = "<group>";
		};
		BEAA53212AF4264E00E44AE4 /* Navigation */ = {
			isa = PBXGroup;
			children = (
				BEAC9BD629E43834009987A3 /* MainTabBarController.swift */,
				BEC332172AEBA29400630D0D /* NavigationRouter.swift */,
			);
			path = Navigation;
			sourceTree = "<group>";
		};
		BEAA53222AF4265B00E44AE4 /* Factories */ = {
			isa = PBXGroup;
			children = (
				BE4D01102AE6A057005CA4CA /* ViewsFactory.swift */,
			);
			path = Factories;
			sourceTree = "<group>";
		};
		BEAA53272AF43E1600E44AE4 /* DesignSystem */ = {
			isa = PBXGroup;
			children = (
				BEAA53282AF43E3100E44AE4 /* Components */,
				BEAA53222AF4265B00E44AE4 /* Factories */,
			);
			path = DesignSystem;
			sourceTree = "<group>";
		};
		BEAA53282AF43E3100E44AE4 /* Components */ = {
			isa = PBXGroup;
			children = (
				BEB0624529D1B5A9005AEB24 /* Images */,
				BEEA422E29D06D0B008B98E4 /* Fonts */,
				BEB0624029D1AE07005AEB24 /* Colors */,
				BE952F572AF53DE400CBAEFC /* SelectionScreens */,
				BE07C3DF2AF67EEA00E272E4 /* FittingScreen */,
				BE07C3EF2AF6E5D600E272E4 /* HeaderView */,
				BE07C3E22AF68B5200E272E4 /* ShipsCell */,
			);
			path = Components;
			sourceTree = "<group>";
		};
		BEAA532B2AF4469500E44AE4 /* Data */ = {
			isa = PBXGroup;
			children = (
				BEAA532C2AF446A800E44AE4 /* ShipDataService.swift */,
				BEA553FE29DCC1BC001A1BA5 /* Models */,
			);
			path = Data;
			sourceTree = "<group>";
		};
		BEB0623829D1A3CD005AEB24 /* Main */ = {
			isa = PBXGroup;
			children = (
				BEB7D0BB29CF2EF3002B3431 /* View */,
				BEAA53202AF4239D00E44AE4 /* ViewModel */,
			);
			path = Main;
			sourceTree = "<group>";
		};
		BEB0623929D1A665005AEB24 /* Resources */ = {
			isa = PBXGroup;
			children = (
				BEB7D0AB29CF18B3002B3431 /* Assets.xcassets */,
			);
			path = Resources;
			sourceTree = "<group>";
		};
		BEB0623A29D1A6AA005AEB24 /* UI */ = {
			isa = PBXGroup;
			children = (
				BEB0623829D1A3CD005AEB24 /* Main */,
				BEC331F02AEAB47C00630D0D /* ChoosingShip */,
				BE07C3DE2AF67B3D00E272E4 /* FittingShip */,
				BE07C40C2AF7E5AA00E272E4 /* SlotFitting */,
				BE07C3F22AF6F0A300E272E4 /* Power */,
			);
			path = UI;
			sourceTree = "<group>";
		};
		BEB0623D29D1A7FB005AEB24 /* Storybords */ = {
			isa = PBXGroup;
			children = (
				BEB7D0AD29CF18B3002B3431 /* LaunchScreen.storyboard */,
			);
			path = Storybords;
			sourceTree = "<group>";
		};
		BEB0623F29D1AB90005AEB24 /* Configuration */ = {
			isa = PBXGroup;
			children = (
				BEB7D0B029CF18B3002B3431 /* Info.plist */,
			);
			path = Configuration;
			sourceTree = "<group>";
		};
		BEB0624029D1AE07005AEB24 /* Colors */ = {
			isa = PBXGroup;
			children = (
				BEB0624129D1AE2B005AEB24 /* Colors.swift */,
			);
			path = Colors;
			sourceTree = "<group>";
		};
		BEB0624529D1B5A9005AEB24 /* Images */ = {
			isa = PBXGroup;
			children = (
				BEB0624329D1B5A0005AEB24 /* Images.swift */,
			);
			path = Images;
			sourceTree = "<group>";
		};
		BEB7D09629CF18AD002B3431 = {
			isa = PBXGroup;
			children = (
				BEB7D0A129CF18AE002B3431 /* Cosmic Slipway */,
				BEB7D0A029CF18AE002B3431 /* Products */,
			);
			sourceTree = "<group>";
		};
		BEB7D0A029CF18AE002B3431 /* Products */ = {
			isa = PBXGroup;
			children = (
				BEB7D09F29CF18AE002B3431 /* Cosmic Slipway.app */,
			);
			name = Products;
			sourceTree = "<group>";
		};
		BEB7D0A129CF18AE002B3431 /* Cosmic Slipway */ = {
			isa = PBXGroup;
			children = (
				BEB7D0B729CF1C8B002B3431 /* Application */,
				BEAA53272AF43E1600E44AE4 /* DesignSystem */,
				BEAA53212AF4264E00E44AE4 /* Navigation */,
				BEAA532B2AF4469500E44AE4 /* Data */,
				BEB0623A29D1A6AA005AEB24 /* UI */,
				BEB0623929D1A665005AEB24 /* Resources */,
				BEB7D0BF29CF3775002B3431 /* Extensions */,
				BEB0623D29D1A7FB005AEB24 /* Storybords */,
				BEB0623F29D1AB90005AEB24 /* Configuration */,
			);
			path = "Cosmic Slipway";
			sourceTree = "<group>";
		};
		BEB7D0B729CF1C8B002B3431 /* Application */ = {
			isa = PBXGroup;
			children = (
				BEB7D0A429CF18AE002B3431 /* SceneDelegate.swift */,
				BEB7D0A229CF18AE002B3431 /* AppDelegate.swift */,
			);
			path = Application;
			sourceTree = "<group>";
		};
		BEB7D0BB29CF2EF3002B3431 /* View */ = {
			isa = PBXGroup;
			children = (
				BEB7D0A629CF18AE002B3431 /* MainViewController.swift */,
			);
			path = View;
			sourceTree = "<group>";
		};
		BEB7D0BF29CF3775002B3431 /* Extensions */ = {
			isa = PBXGroup;
			children = (
				BEB7D0C229CF5C8B002B3431 /* UIKit+Extension */,
			);
			path = Extensions;
			sourceTree = "<group>";
		};
		BEB7D0C229CF5C8B002B3431 /* UIKit+Extension */ = {
			isa = PBXGroup;
			children = (
				BEB7D0C529CF5D1A002B3431 /* UIView+Extension.swift */,
				BEEA422629D044B2008B98E4 /* UIColor+Extension.swift */,
				BE07C3EB2AF6BF6F00E272E4 /* UICollectionView+Extension.swift */,
			);
			path = "UIKit+Extension";
			sourceTree = "<group>";
		};
		BEC331F02AEAB47C00630D0D /* ChoosingShip */ = {
			isa = PBXGroup;
			children = (
				BE952F532AF5377600CBAEFC /* ShipType */,
				BE952F542AF5379300CBAEFC /* ShipSubType */,
				BE07C3D92AF6749300E272E4 /* Ship */,
			);
			path = ChoosingShip;
			sourceTree = "<group>";
		};
		BEEA422E29D06D0B008B98E4 /* Fonts */ = {
			isa = PBXGroup;
			children = (
				BEB0624629D1B71F005AEB24 /* Fonts.swift */,
				BEEA422C29D06CB6008B98E4 /* Figtree-ExtraBold.ttf */,
				BEEA422F29D09684008B98E4 /* Figtree-Regular.ttf */,
			);
			path = Fonts;
			sourceTree = "<group>";
		};
/* End PBXGroup section */

/* Begin PBXNativeTarget section */
		BEB7D09E29CF18AE002B3431 /* Cosmic Slipway */ = {
			isa = PBXNativeTarget;
			buildConfigurationList = BEB7D0B329CF18B3002B3431 /* Build configuration list for PBXNativeTarget "Cosmic Slipway" */;
			buildPhases = (
				BEB7D09B29CF18AE002B3431 /* Sources */,
				BEB7D09C29CF18AE002B3431 /* Frameworks */,
				BEB7D09D29CF18AE002B3431 /* Resources */,
				BE07C3F62AF6FE3600E272E4 /* Embed Frameworks */,
			);
			buildRules = (
			);
			dependencies = (
				BE07C4062AF7062F00E272E4 /* PBXTargetDependency */,
			);
			name = "Cosmic Slipway";
			packageProductDependencies = (
				BE07C4082AF7091400E272E4 /* SnapKit */,
				BE07C40A2AF7091400E272E4 /* SnapKit-Dynamic */,
			);
			productName = "Cosmic Slipway";
			productReference = BEB7D09F29CF18AE002B3431 /* Cosmic Slipway.app */;
			productType = "com.apple.product-type.application";
		};
/* End PBXNativeTarget section */

/* Begin PBXProject section */
		BEB7D09729CF18AD002B3431 /* Project object */ = {
			isa = PBXProject;
			attributes = {
				BuildIndependentTargetsInParallel = 1;
				LastSwiftUpdateCheck = 1420;
				LastUpgradeCheck = 1500;
				TargetAttributes = {
					BEB7D09E29CF18AE002B3431 = {
						CreatedOnToolsVersion = 14.2;
					};
				};
			};
			buildConfigurationList = BEB7D09A29CF18AD002B3431 /* Build configuration list for PBXProject "Cosmic Slipway" */;
			compatibilityVersion = "Xcode 14.0";
			developmentRegion = en;
			hasScannedForEncodings = 0;
			knownRegions = (
				en,
				Base,
			);
			mainGroup = BEB7D09629CF18AD002B3431;
			packageReferences = (
				BE07C4072AF7091400E272E4 /* XCRemoteSwiftPackageReference "SnapKit" */,
			);
			productRefGroup = BEB7D0A029CF18AE002B3431 /* Products */;
			projectDirPath = "";
			projectRoot = "";
			targets = (
				BEB7D09E29CF18AE002B3431 /* Cosmic Slipway */,
			);
		};
/* End PBXProject section */

/* Begin PBXResourcesBuildPhase section */
		BEB7D09D29CF18AE002B3431 /* Resources */ = {
			isa = PBXResourcesBuildPhase;
			buildActionMask = 2147483647;
			files = (
				BEEA423029D09684008B98E4 /* Figtree-Regular.ttf in Resources */,
				BEEA422D29D06CB6008B98E4 /* Figtree-ExtraBold.ttf in Resources */,
				BEB7D0AF29CF18B3002B3431 /* LaunchScreen.storyboard in Resources */,
				BEB7D0AC29CF18B3002B3431 /* Assets.xcassets in Resources */,
			);
			runOnlyForDeploymentPostprocessing = 0;
		};
/* End PBXResourcesBuildPhase section */

/* Begin PBXSourcesBuildPhase section */
		BEB7D09B29CF18AE002B3431 /* Sources */ = {
			isa = PBXSourcesBuildPhase;
			buildActionMask = 2147483647;
			files = (
				BE07C3EA2AF6B9C300E272E4 /* FittingCell.swift in Sources */,
				BEB7D0C629CF5D1A002B3431 /* UIView+Extension.swift in Sources */,
				BE952F562AF537CD00CBAEFC /* ShipSubTypeViewController.swift in Sources */,
				BE07C3E62AF6984100E272E4 /* ShipFittingViewModel.swift in Sources */,
				BEC332182AEBA29400630D0D /* NavigationRouter.swift in Sources */,
				BEB0624229D1AE2B005AEB24 /* Colors.swift in Sources */,
				BE07C3E12AF67F2100E272E4 /* ShipFittingView.swift in Sources */,
				BE4D01112AE6A057005CA4CA /* ViewsFactory.swift in Sources */,
				BE07C3EC2AF6BF6F00E272E4 /* UICollectionView+Extension.swift in Sources */,
				BE07C3F42AF6F0E200E272E4 /* PowerViewController.swift in Sources */,
				BE07C3DD2AF67B3800E272E4 /* ShipFittingViewController.swift in Sources */,
				BEAC9BD729E43834009987A3 /* MainTabBarController.swift in Sources */,
				BE07C3E42AF68B8400E272E4 /* ShipUIViewModel.swift in Sources */,
				BEEA422529D03B57008B98E4 /* ShipCell.swift in Sources */,
				BEB0624429D1B5A0005AEB24 /* Images.swift in Sources */,
				BEC331ED2AEA97B600630D0D /* MainModels.swift in Sources */,
				BE07C40E2AF7E5CD00E272E4 /* SlotFittingViewController.swift in Sources */,
				BE07C3F12AF6EBEB00E272E4 /* Section.swift in Sources */,
				BEB7D0A729CF18AE002B3431 /* MainViewController.swift in Sources */,
				BEB7D0A329CF18AE002B3431 /* AppDelegate.swift in Sources */,
				BEC331F22AEAB6AD00630D0D /* ShipTypeViewController.swift in Sources */,
				BEB0624729D1B71F005AEB24 /* Fonts.swift in Sources */,
				BEAA532A2AF43E4300E44AE4 /* SelectionView.swift in Sources */,
				BE07C3EE2AF6E36600E272E4 /* HeaderView.swift in Sources */,
				BEAA532F2AF4479800E44AE4 /* UniversalDataCell.swift in Sources */,
				BEB7D0A529CF18AE002B3431 /* SceneDelegate.swift in Sources */,
				BE07C3DB2AF674C700E272E4 /* ShipViewController.swift in Sources */,
				BEAA532D2AF446A800E44AE4 /* ShipDataService.swift in Sources */,
				BE952F522AF531E400CBAEFC /* SelectionViewModel.swift in Sources */,
				BEC331E72AEA957100630D0D /* MainViewModel.swift in Sources */,
				BE952F592AF5404A00CBAEFC /* Nameable.swift in Sources */,
				BEEA422729D044B2008B98E4 /* UIColor+Extension.swift in Sources */,
			);
			runOnlyForDeploymentPostprocessing = 0;
		};
/* End PBXSourcesBuildPhase section */

/* Begin PBXTargetDependency section */
		BE07C4062AF7062F00E272E4 /* PBXTargetDependency */ = {
			isa = PBXTargetDependency;
			productRef = BE07C4052AF7062F00E272E4 /* SnapKit */;
		};
/* End PBXTargetDependency section */

/* Begin PBXVariantGroup section */
		BEB7D0AD29CF18B3002B3431 /* LaunchScreen.storyboard */ = {
			isa = PBXVariantGroup;
			children = (
				BEB7D0AE29CF18B3002B3431 /* Base */,
			);
			name = LaunchScreen.storyboard;
			sourceTree = "<group>";
		};
/* End PBXVariantGroup section */

/* Begin XCBuildConfiguration section */
		BEB7D0B129CF18B3002B3431 /* Debug */ = {
			isa = XCBuildConfiguration;
			buildSettings = {
				ALWAYS_SEARCH_USER_PATHS = NO;
				CLANG_ANALYZER_NONNULL = YES;
				CLANG_ANALYZER_NUMBER_OBJECT_CONVERSION = YES_AGGRESSIVE;
				CLANG_CXX_LANGUAGE_STANDARD = "gnu++20";
				CLANG_ENABLE_MODULES = YES;
				CLANG_ENABLE_OBJC_ARC = YES;
				CLANG_ENABLE_OBJC_WEAK = YES;
				CLANG_WARN_BLOCK_CAPTURE_AUTORELEASING = YES;
				CLANG_WARN_BOOL_CONVERSION = YES;
				CLANG_WARN_COMMA = YES;
				CLANG_WARN_CONSTANT_CONVERSION = YES;
				CLANG_WARN_DEPRECATED_OBJC_IMPLEMENTATIONS = YES;
				CLANG_WARN_DIRECT_OBJC_ISA_USAGE = YES_ERROR;
				CLANG_WARN_DOCUMENTATION_COMMENTS = YES;
				CLANG_WARN_EMPTY_BODY = YES;
				CLANG_WARN_ENUM_CONVERSION = YES;
				CLANG_WARN_INFINITE_RECURSION = YES;
				CLANG_WARN_INT_CONVERSION = YES;
				CLANG_WARN_NON_LITERAL_NULL_CONVERSION = YES;
				CLANG_WARN_OBJC_IMPLICIT_RETAIN_SELF = YES;
				CLANG_WARN_OBJC_LITERAL_CONVERSION = YES;
				CLANG_WARN_OBJC_ROOT_CLASS = YES_ERROR;
				CLANG_WARN_QUOTED_INCLUDE_IN_FRAMEWORK_HEADER = YES;
				CLANG_WARN_RANGE_LOOP_ANALYSIS = YES;
				CLANG_WARN_STRICT_PROTOTYPES = YES;
				CLANG_WARN_SUSPICIOUS_MOVE = YES;
				CLANG_WARN_UNGUARDED_AVAILABILITY = YES_AGGRESSIVE;
				CLANG_WARN_UNREACHABLE_CODE = YES;
				CLANG_WARN__DUPLICATE_METHOD_MATCH = YES;
				COPY_PHASE_STRIP = NO;
				DEBUG_INFORMATION_FORMAT = dwarf;
				ENABLE_STRICT_OBJC_MSGSEND = YES;
				ENABLE_TESTABILITY = YES;
				ENABLE_USER_SCRIPT_SANDBOXING = YES;
				GCC_C_LANGUAGE_STANDARD = gnu11;
				GCC_DYNAMIC_NO_PIC = NO;
				GCC_NO_COMMON_BLOCKS = YES;
				GCC_OPTIMIZATION_LEVEL = 0;
				GCC_PREPROCESSOR_DEFINITIONS = (
					"DEBUG=1",
					"$(inherited)",
				);
				GCC_WARN_64_TO_32_BIT_CONVERSION = YES;
				GCC_WARN_ABOUT_RETURN_TYPE = YES_ERROR;
				GCC_WARN_UNDECLARED_SELECTOR = YES;
				GCC_WARN_UNINITIALIZED_AUTOS = YES_AGGRESSIVE;
				GCC_WARN_UNUSED_FUNCTION = YES;
				GCC_WARN_UNUSED_VARIABLE = YES;
				IPHONEOS_DEPLOYMENT_TARGET = 13.0;
				MTL_ENABLE_DEBUG_INFO = INCLUDE_SOURCE;
				MTL_FAST_MATH = YES;
				ONLY_ACTIVE_ARCH = YES;
				SDKROOT = iphoneos;
				SWIFT_ACTIVE_COMPILATION_CONDITIONS = DEBUG;
				SWIFT_OPTIMIZATION_LEVEL = "-Onone";
			};
			name = Debug;
		};
		BEB7D0B229CF18B3002B3431 /* Release */ = {
			isa = XCBuildConfiguration;
			buildSettings = {
				ALWAYS_SEARCH_USER_PATHS = NO;
				CLANG_ANALYZER_NONNULL = YES;
				CLANG_ANALYZER_NUMBER_OBJECT_CONVERSION = YES_AGGRESSIVE;
				CLANG_CXX_LANGUAGE_STANDARD = "gnu++20";
				CLANG_ENABLE_MODULES = YES;
				CLANG_ENABLE_OBJC_ARC = YES;
				CLANG_ENABLE_OBJC_WEAK = YES;
				CLANG_WARN_BLOCK_CAPTURE_AUTORELEASING = YES;
				CLANG_WARN_BOOL_CONVERSION = YES;
				CLANG_WARN_COMMA = YES;
				CLANG_WARN_CONSTANT_CONVERSION = YES;
				CLANG_WARN_DEPRECATED_OBJC_IMPLEMENTATIONS = YES;
				CLANG_WARN_DIRECT_OBJC_ISA_USAGE = YES_ERROR;
				CLANG_WARN_DOCUMENTATION_COMMENTS = YES;
				CLANG_WARN_EMPTY_BODY = YES;
				CLANG_WARN_ENUM_CONVERSION = YES;
				CLANG_WARN_INFINITE_RECURSION = YES;
				CLANG_WARN_INT_CONVERSION = YES;
				CLANG_WARN_NON_LITERAL_NULL_CONVERSION = YES;
				CLANG_WARN_OBJC_IMPLICIT_RETAIN_SELF = YES;
				CLANG_WARN_OBJC_LITERAL_CONVERSION = YES;
				CLANG_WARN_OBJC_ROOT_CLASS = YES_ERROR;
				CLANG_WARN_QUOTED_INCLUDE_IN_FRAMEWORK_HEADER = YES;
				CLANG_WARN_RANGE_LOOP_ANALYSIS = YES;
				CLANG_WARN_STRICT_PROTOTYPES = YES;
				CLANG_WARN_SUSPICIOUS_MOVE = YES;
				CLANG_WARN_UNGUARDED_AVAILABILITY = YES_AGGRESSIVE;
				CLANG_WARN_UNREACHABLE_CODE = YES;
				CLANG_WARN__DUPLICATE_METHOD_MATCH = YES;
				COPY_PHASE_STRIP = NO;
				DEBUG_INFORMATION_FORMAT = "dwarf-with-dsym";
				ENABLE_NS_ASSERTIONS = NO;
				ENABLE_STRICT_OBJC_MSGSEND = YES;
				ENABLE_USER_SCRIPT_SANDBOXING = YES;
				GCC_C_LANGUAGE_STANDARD = gnu11;
				GCC_NO_COMMON_BLOCKS = YES;
				GCC_WARN_64_TO_32_BIT_CONVERSION = YES;
				GCC_WARN_ABOUT_RETURN_TYPE = YES_ERROR;
				GCC_WARN_UNDECLARED_SELECTOR = YES;
				GCC_WARN_UNINITIALIZED_AUTOS = YES_AGGRESSIVE;
				GCC_WARN_UNUSED_FUNCTION = YES;
				GCC_WARN_UNUSED_VARIABLE = YES;
				IPHONEOS_DEPLOYMENT_TARGET = 13.0;
				MTL_ENABLE_DEBUG_INFO = NO;
				MTL_FAST_MATH = YES;
				SDKROOT = iphoneos;
				SWIFT_COMPILATION_MODE = wholemodule;
				SWIFT_OPTIMIZATION_LEVEL = "-O";
				VALIDATE_PRODUCT = YES;
			};
			name = Release;
		};
		BEB7D0B429CF18B3002B3431 /* Debug */ = {
			isa = XCBuildConfiguration;
			buildSettings = {
				ASSETCATALOG_COMPILER_APPICON_NAME = AppIcon;
				ASSETCATALOG_COMPILER_GLOBAL_ACCENT_COLOR_NAME = AccentColor;
				CODE_SIGN_STYLE = Automatic;
				CURRENT_PROJECT_VERSION = 1;
				DEVELOPMENT_TEAM = 3YZWNV863X;
				GENERATE_INFOPLIST_FILE = YES;
				INFOPLIST_FILE = "Cosmic Slipway/Configuration/Info.plist";
				INFOPLIST_KEY_CFBundleDisplayName = "Cosmic Slipway";
				INFOPLIST_KEY_LSApplicationCategoryType = "public.app-category.utilities";
				INFOPLIST_KEY_UIApplicationSupportsIndirectInputEvents = YES;
				INFOPLIST_KEY_UILaunchStoryboardName = LaunchScreen.storyboard;
				INFOPLIST_KEY_UIStatusBarHidden = NO;
				INFOPLIST_KEY_UIStatusBarStyle = UIStatusBarStyleLightContent;
				INFOPLIST_KEY_UISupportedInterfaceOrientations = UIInterfaceOrientationPortrait;
				IPHONEOS_DEPLOYMENT_TARGET = 13.0;
				LD_RUNPATH_SEARCH_PATHS = (
					"$(inherited)",
					"@executable_path/Frameworks",
				);
				MARKETING_VERSION = 1.0;
				PRODUCT_BUNDLE_IDENTIFIER = "pavel.afanasiev.Cosmic-Slipway";
				PRODUCT_NAME = "$(TARGET_NAME)";
				SUPPORTED_PLATFORMS = "iphoneos iphonesimulator";
				SUPPORTS_MACCATALYST = NO;
				SUPPORTS_MAC_DESIGNED_FOR_IPHONE_IPAD = NO;
				SWIFT_EMIT_LOC_STRINGS = YES;
				SWIFT_VERSION = 5.0;
				TARGETED_DEVICE_FAMILY = 1;
			};
			name = Debug;
		};
		BEB7D0B529CF18B3002B3431 /* Release */ = {
			isa = XCBuildConfiguration;
			buildSettings = {
				ASSETCATALOG_COMPILER_APPICON_NAME = AppIcon;
				ASSETCATALOG_COMPILER_GLOBAL_ACCENT_COLOR_NAME = AccentColor;
				CODE_SIGN_STYLE = Automatic;
				CURRENT_PROJECT_VERSION = 1;
				DEVELOPMENT_TEAM = 3YZWNV863X;
				GENERATE_INFOPLIST_FILE = YES;
				INFOPLIST_FILE = "Cosmic Slipway/Configuration/Info.plist";
				INFOPLIST_KEY_CFBundleDisplayName = "Cosmic Slipway";
				INFOPLIST_KEY_LSApplicationCategoryType = "public.app-category.utilities";
				INFOPLIST_KEY_UIApplicationSupportsIndirectInputEvents = YES;
				INFOPLIST_KEY_UILaunchStoryboardName = LaunchScreen.storyboard;
				INFOPLIST_KEY_UIStatusBarHidden = NO;
				INFOPLIST_KEY_UIStatusBarStyle = UIStatusBarStyleLightContent;
				INFOPLIST_KEY_UISupportedInterfaceOrientations = UIInterfaceOrientationPortrait;
				IPHONEOS_DEPLOYMENT_TARGET = 13.0;
				LD_RUNPATH_SEARCH_PATHS = (
					"$(inherited)",
					"@executable_path/Frameworks",
				);
				MARKETING_VERSION = 1.0;
				PRODUCT_BUNDLE_IDENTIFIER = "pavel.afanasiev.Cosmic-Slipway";
				PRODUCT_NAME = "$(TARGET_NAME)";
				SUPPORTED_PLATFORMS = "iphoneos iphonesimulator";
				SUPPORTS_MACCATALYST = NO;
				SUPPORTS_MAC_DESIGNED_FOR_IPHONE_IPAD = NO;
				SWIFT_EMIT_LOC_STRINGS = YES;
				SWIFT_VERSION = 5.0;
				TARGETED_DEVICE_FAMILY = 1;
			};
			name = Release;
		};
/* End XCBuildConfiguration section */

/* Begin XCConfigurationList section */
		BEB7D09A29CF18AD002B3431 /* Build configuration list for PBXProject "Cosmic Slipway" */ = {
			isa = XCConfigurationList;
			buildConfigurations = (
				BEB7D0B129CF18B3002B3431 /* Debug */,
				BEB7D0B229CF18B3002B3431 /* Release */,
			);
			defaultConfigurationIsVisible = 0;
			defaultConfigurationName = Release;
		};
		BEB7D0B329CF18B3002B3431 /* Build configuration list for PBXNativeTarget "Cosmic Slipway" */ = {
			isa = XCConfigurationList;
			buildConfigurations = (
				BEB7D0B429CF18B3002B3431 /* Debug */,
				BEB7D0B529CF18B3002B3431 /* Release */,
			);
			defaultConfigurationIsVisible = 0;
			defaultConfigurationName = Release;
		};
/* End XCConfigurationList section */

/* Begin XCRemoteSwiftPackageReference section */
		BE07C4022AF7053400E272E4 /* XCRemoteSwiftPackageReference "SnapKit" */ = {
			isa = XCRemoteSwiftPackageReference;
			repositoryURL = "https://github.com/SnapKit/SnapKit.git";
			requirement = {
				kind = upToNextMajorVersion;
				minimumVersion = 5.6.0;
			};
		};
		BE07C4072AF7091400E272E4 /* XCRemoteSwiftPackageReference "SnapKit" */ = {
			isa = XCRemoteSwiftPackageReference;
			repositoryURL = "https://github.com/SnapKit/SnapKit.git";
			requirement = {
				kind = upToNextMajorVersion;
				minimumVersion = 5.6.0;
			};
		};
/* End XCRemoteSwiftPackageReference section */

/* Begin XCSwiftPackageProductDependency section */
		BE07C4052AF7062F00E272E4 /* SnapKit */ = {
			isa = XCSwiftPackageProductDependency;
			package = BE07C4022AF7053400E272E4 /* XCRemoteSwiftPackageReference "SnapKit" */;
			productName = SnapKit;
		};
		BE07C4082AF7091400E272E4 /* SnapKit */ = {
			isa = XCSwiftPackageProductDependency;
			package = BE07C4072AF7091400E272E4 /* XCRemoteSwiftPackageReference "SnapKit" */;
			productName = SnapKit;
		};
		BE07C40A2AF7091400E272E4 /* SnapKit-Dynamic */ = {
			isa = XCSwiftPackageProductDependency;
			package = BE07C4072AF7091400E272E4 /* XCRemoteSwiftPackageReference "SnapKit" */;
			productName = "SnapKit-Dynamic";
		};
/* End XCSwiftPackageProductDependency section */
	};
	rootObject = BEB7D09729CF18AD002B3431 /* Project object */;
}
