// !$*UTF8*$!
{
	archiveVersion = 1;
	classes = {
	};
	objectVersion = 56;
	objects = {

/* Begin PBXBuildFile section */
		BE4D01112AE6A057005CA4CA /* ViewsFactory.swift in Sources */ = {isa = PBXBuildFile; fileRef = BE4D01102AE6A057005CA4CA /* ViewsFactory.swift */; };
		BE4D01142AE6AB0B005CA4CA /* SnapKit in Frameworks */ = {isa = PBXBuildFile; productRef = BE4D01132AE6AB0B005CA4CA /* SnapKit */; };
		BE4D01162AE6AB0B005CA4CA /* SnapKit-Dynamic in Frameworks */ = {isa = PBXBuildFile; productRef = BE4D01152AE6AB0B005CA4CA /* SnapKit-Dynamic */; };
		BEAC9BD729E43834009987A3 /* MainTabBarController.swift in Sources */ = {isa = PBXBuildFile; fileRef = BEAC9BD629E43834009987A3 /* MainTabBarController.swift */; };
		BEB0624229D1AE2B005AEB24 /* Colors.swift in Sources */ = {isa = PBXBuildFile; fileRef = BEB0624129D1AE2B005AEB24 /* Colors.swift */; };
		BEB0624429D1B5A0005AEB24 /* Images.swift in Sources */ = {isa = PBXBuildFile; fileRef = BEB0624329D1B5A0005AEB24 /* Images.swift */; };
		BEB0624729D1B71F005AEB24 /* Fonts.swift in Sources */ = {isa = PBXBuildFile; fileRef = BEB0624629D1B71F005AEB24 /* Fonts.swift */; };
		BEB7D0A329CF18AE002B3431 /* AppDelegate.swift in Sources */ = {isa = PBXBuildFile; fileRef = BEB7D0A229CF18AE002B3431 /* AppDelegate.swift */; };
		BEB7D0A529CF18AE002B3431 /* SceneDelegate.swift in Sources */ = {isa = PBXBuildFile; fileRef = BEB7D0A429CF18AE002B3431 /* SceneDelegate.swift */; };
		BEB7D0A729CF18AE002B3431 /* MainViewController.swift in Sources */ = {isa = PBXBuildFile; fileRef = BEB7D0A629CF18AE002B3431 /* MainViewController.swift */; };
		BEB7D0AC29CF18B3002B3431 /* Assets.xcassets in Resources */ = {isa = PBXBuildFile; fileRef = BEB7D0AB29CF18B3002B3431 /* Assets.xcassets */; };
		BEB7D0AF29CF18B3002B3431 /* LaunchScreen.storyboard in Resources */ = {isa = PBXBuildFile; fileRef = BEB7D0AD29CF18B3002B3431 /* LaunchScreen.storyboard */; };
		BEB7D0C629CF5D1A002B3431 /* UIView+Extension.swift in Sources */ = {isa = PBXBuildFile; fileRef = BEB7D0C529CF5D1A002B3431 /* UIView+Extension.swift */; };
		BEC331E72AEA957100630D0D /* MainViewModel.swift in Sources */ = {isa = PBXBuildFile; fileRef = BEC331E62AEA957100630D0D /* MainViewModel.swift */; };
		BEC331E92AEA95AF00630D0D /* MainModel.swift in Sources */ = {isa = PBXBuildFile; fileRef = BEC331E82AEA95AF00630D0D /* MainModel.swift */; };
		BEC331ED2AEA97B600630D0D /* ShipModels.swift in Sources */ = {isa = PBXBuildFile; fileRef = BEC331EC2AEA97B600630D0D /* ShipModels.swift */; };
		BEEA422529D03B57008B98E4 /* ShipsCell.swift in Sources */ = {isa = PBXBuildFile; fileRef = BEEA422429D03B57008B98E4 /* ShipsCell.swift */; };
		BEEA422729D044B2008B98E4 /* UIColor+Extension.swift in Sources */ = {isa = PBXBuildFile; fileRef = BEEA422629D044B2008B98E4 /* UIColor+Extension.swift */; };
		BEEA422D29D06CB6008B98E4 /* Figtree-ExtraBold.ttf in Resources */ = {isa = PBXBuildFile; fileRef = BEEA422C29D06CB6008B98E4 /* Figtree-ExtraBold.ttf */; };
		BEEA423029D09684008B98E4 /* Figtree-Regular.ttf in Resources */ = {isa = PBXBuildFile; fileRef = BEEA422F29D09684008B98E4 /* Figtree-Regular.ttf */; };
/* End PBXBuildFile section */

/* Begin PBXFileReference section */
		BE4D01102AE6A057005CA4CA /* ViewsFactory.swift */ = {isa = PBXFileReference; lastKnownFileType = sourcecode.swift; path = ViewsFactory.swift; sourceTree = "<group>"; };
		BEAC9BD629E43834009987A3 /* MainTabBarController.swift */ = {isa = PBXFileReference; lastKnownFileType = sourcecode.swift; path = MainTabBarController.swift; sourceTree = "<group>"; };
		BEB0624129D1AE2B005AEB24 /* Colors.swift */ = {isa = PBXFileReference; lastKnownFileType = sourcecode.swift; path = Colors.swift; sourceTree = "<group>"; };
		BEB0624329D1B5A0005AEB24 /* Images.swift */ = {isa = PBXFileReference; lastKnownFileType = sourcecode.swift; path = Images.swift; sourceTree = "<group>"; };
		BEB0624629D1B71F005AEB24 /* Fonts.swift */ = {isa = PBXFileReference; lastKnownFileType = sourcecode.swift; path = Fonts.swift; sourceTree = "<group>"; };
		BEB7D09F29CF18AE002B3431 /* Cosmic Slipway.app */ = {isa = PBXFileReference; explicitFileType = wrapper.application; includeInIndex = 0; path = "Cosmic Slipway.app"; sourceTree = BUILT_PRODUCTS_DIR; };
		BEB7D0A229CF18AE002B3431 /* AppDelegate.swift */ = {isa = PBXFileReference; lastKnownFileType = sourcecode.swift; path = AppDelegate.swift; sourceTree = "<group>"; };
		BEB7D0A429CF18AE002B3431 /* SceneDelegate.swift */ = {isa = PBXFileReference; lastKnownFileType = sourcecode.swift; path = SceneDelegate.swift; sourceTree = "<group>"; };
		BEB7D0A629CF18AE002B3431 /* MainViewController.swift */ = {isa = PBXFileReference; lastKnownFileType = sourcecode.swift; path = MainViewController.swift; sourceTree = "<group>"; };
		BEB7D0AB29CF18B3002B3431 /* Assets.xcassets */ = {isa = PBXFileReference; lastKnownFileType = folder.assetcatalog; path = Assets.xcassets; sourceTree = "<group>"; };
		BEB7D0AE29CF18B3002B3431 /* Base */ = {isa = PBXFileReference; lastKnownFileType = file.storyboard; name = Base; path = Base.lproj/LaunchScreen.storyboard; sourceTree = "<group>"; };
		BEB7D0B029CF18B3002B3431 /* Info.plist */ = {isa = PBXFileReference; lastKnownFileType = text.plist.xml; path = Info.plist; sourceTree = "<group>"; };
		BEB7D0C529CF5D1A002B3431 /* UIView+Extension.swift */ = {isa = PBXFileReference; lastKnownFileType = sourcecode.swift; path = "UIView+Extension.swift"; sourceTree = "<group>"; };
		BEC331E62AEA957100630D0D /* MainViewModel.swift */ = {isa = PBXFileReference; lastKnownFileType = sourcecode.swift; path = MainViewModel.swift; sourceTree = "<group>"; };
		BEC331E82AEA95AF00630D0D /* MainModel.swift */ = {isa = PBXFileReference; lastKnownFileType = sourcecode.swift; path = MainModel.swift; sourceTree = "<group>"; };
		BEC331EC2AEA97B600630D0D /* ShipModels.swift */ = {isa = PBXFileReference; lastKnownFileType = sourcecode.swift; path = ShipModels.swift; sourceTree = "<group>"; };
		BEEA422429D03B57008B98E4 /* ShipsCell.swift */ = {isa = PBXFileReference; lastKnownFileType = sourcecode.swift; path = ShipsCell.swift; sourceTree = "<group>"; };
		BEEA422629D044B2008B98E4 /* UIColor+Extension.swift */ = {isa = PBXFileReference; lastKnownFileType = sourcecode.swift; path = "UIColor+Extension.swift"; sourceTree = "<group>"; };
		BEEA422C29D06CB6008B98E4 /* Figtree-ExtraBold.ttf */ = {isa = PBXFileReference; lastKnownFileType = file; path = "Figtree-ExtraBold.ttf"; sourceTree = "<group>"; };
		BEEA422F29D09684008B98E4 /* Figtree-Regular.ttf */ = {isa = PBXFileReference; lastKnownFileType = file; path = "Figtree-Regular.ttf"; sourceTree = "<group>"; };
/* End PBXFileReference section */

/* Begin PBXFrameworksBuildPhase section */
		BEB7D09C29CF18AE002B3431 /* Frameworks */ = {
			isa = PBXFrameworksBuildPhase;
			buildActionMask = 2147483647;
			files = (
				BE4D01142AE6AB0B005CA4CA /* SnapKit in Frameworks */,
				BE4D01162AE6AB0B005CA4CA /* SnapKit-Dynamic in Frameworks */,
			);
			runOnlyForDeploymentPostprocessing = 0;
		};
/* End PBXFrameworksBuildPhase section */

/* Begin PBXGroup section */
		BEA553FE29DCC1BC001A1BA5 /* Models */ = {
			isa = PBXGroup;
			children = (
				BEC331EC2AEA97B600630D0D /* ShipModels.swift */,
			);
			path = Models;
			sourceTree = "<group>";
		};
		BEAC9BD929E440A5009987A3 /* Helpers */ = {
			isa = PBXGroup;
			children = (
				BEC331E52AEA834100630D0D /* Factories */,
			);
			path = Helpers;
			sourceTree = "<group>";
		};
		BEB0623829D1A3CD005AEB24 /* Main */ = {
			isa = PBXGroup;
			children = (
				BEC331E82AEA95AF00630D0D /* MainModel.swift */,
				BEB7D0BB29CF2EF3002B3431 /* View */,
				BEC331E62AEA957100630D0D /* MainViewModel.swift */,
			);
			path = Main;
			sourceTree = "<group>";
		};
		BEB0623929D1A665005AEB24 /* Resources */ = {
			isa = PBXGroup;
			children = (
				BEB7D0AB29CF18B3002B3431 /* Assets.xcassets */,
				BEB0624029D1AE07005AEB24 /* Colors */,
				BEB0624529D1B5A9005AEB24 /* Images */,
				BEEA422E29D06D0B008B98E4 /* Fonts */,
			);
			path = Resources;
			sourceTree = "<group>";
		};
		BEB0623A29D1A6AA005AEB24 /* Screens */ = {
			isa = PBXGroup;
			children = (
				BEAC9BD629E43834009987A3 /* MainTabBarController.swift */,
				BEB0623829D1A3CD005AEB24 /* Main */,
			);
			path = Screens;
			sourceTree = "<group>";
		};
		BEB0623D29D1A7FB005AEB24 /* Storybords */ = {
			isa = PBXGroup;
			children = (
				BEB7D0AD29CF18B3002B3431 /* LaunchScreen.storyboard */,
			);
			path = Storybords;
			sourceTree = "<group>";
		};
		BEB0623F29D1AB90005AEB24 /* Configuration */ = {
			isa = PBXGroup;
			children = (
				BEB7D0B029CF18B3002B3431 /* Info.plist */,
			);
			path = Configuration;
			sourceTree = "<group>";
		};
		BEB0624029D1AE07005AEB24 /* Colors */ = {
			isa = PBXGroup;
			children = (
				BEB0624129D1AE2B005AEB24 /* Colors.swift */,
			);
			path = Colors;
			sourceTree = "<group>";
		};
		BEB0624529D1B5A9005AEB24 /* Images */ = {
			isa = PBXGroup;
			children = (
				BEB0624329D1B5A0005AEB24 /* Images.swift */,
			);
			path = Images;
			sourceTree = "<group>";
		};
		BEB7D09629CF18AD002B3431 = {
			isa = PBXGroup;
			children = (
				BEB7D0A129CF18AE002B3431 /* Cosmic Slipway */,
				BEB7D0A029CF18AE002B3431 /* Products */,
			);
			sourceTree = "<group>";
		};
		BEB7D0A029CF18AE002B3431 /* Products */ = {
			isa = PBXGroup;
			children = (
				BEB7D09F29CF18AE002B3431 /* Cosmic Slipway.app */,
			);
			name = Products;
			sourceTree = "<group>";
		};
		BEB7D0A129CF18AE002B3431 /* Cosmic Slipway */ = {
			isa = PBXGroup;
			children = (
				BEB7D0B729CF1C8B002B3431 /* Application */,
				BEB0623F29D1AB90005AEB24 /* Configuration */,
				BEA553FE29DCC1BC001A1BA5 /* Models */,
				BEB0623A29D1A6AA005AEB24 /* Screens */,
				BEB0623929D1A665005AEB24 /* Resources */,
				BEAC9BD929E440A5009987A3 /* Helpers */,
				BEB7D0BF29CF3775002B3431 /* Extensions */,
				BEB0623D29D1A7FB005AEB24 /* Storybords */,
			);
			path = "Cosmic Slipway";
			sourceTree = "<group>";
		};
		BEB7D0B729CF1C8B002B3431 /* Application */ = {
			isa = PBXGroup;
			children = (
				BEB7D0A429CF18AE002B3431 /* SceneDelegate.swift */,
				BEB7D0A229CF18AE002B3431 /* AppDelegate.swift */,
			);
			path = Application;
			sourceTree = "<group>";
		};
		BEB7D0BB29CF2EF3002B3431 /* View */ = {
			isa = PBXGroup;
			children = (
				BEB7D0A629CF18AE002B3431 /* MainViewController.swift */,
				BEEA422429D03B57008B98E4 /* ShipsCell.swift */,
			);
			path = View;
			sourceTree = "<group>";
		};
		BEB7D0BF29CF3775002B3431 /* Extensions */ = {
			isa = PBXGroup;
			children = (
				BEB7D0C229CF5C8B002B3431 /* UIKit+Extension */,
			);
			path = Extensions;
			sourceTree = "<group>";
		};
		BEB7D0C229CF5C8B002B3431 /* UIKit+Extension */ = {
			isa = PBXGroup;
			children = (
				BEB7D0C529CF5D1A002B3431 /* UIView+Extension.swift */,
				BEEA422629D044B2008B98E4 /* UIColor+Extension.swift */,
			);
			path = "UIKit+Extension";
			sourceTree = "<group>";
		};
		BEC331E52AEA834100630D0D /* Factories */ = {
			isa = PBXGroup;
			children = (
				BE4D01102AE6A057005CA4CA /* ViewsFactory.swift */,
			);
			path = Factories;
			sourceTree = "<group>";
		};
		BEEA422E29D06D0B008B98E4 /* Fonts */ = {
			isa = PBXGroup;
			children = (
				BEB0624629D1B71F005AEB24 /* Fonts.swift */,
				BEEA422C29D06CB6008B98E4 /* Figtree-ExtraBold.ttf */,
				BEEA422F29D09684008B98E4 /* Figtree-Regular.ttf */,
			);
			path = Fonts;
			sourceTree = "<group>";
		};
/* End PBXGroup section */

/* Begin PBXNativeTarget section */
		BEB7D09E29CF18AE002B3431 /* Cosmic Slipway */ = {
			isa = PBXNativeTarget;
			buildConfigurationList = BEB7D0B329CF18B3002B3431 /* Build configuration list for PBXNativeTarget "Cosmic Slipway" */;
			buildPhases = (
				BEB7D09B29CF18AE002B3431 /* Sources */,
				BEB7D09C29CF18AE002B3431 /* Frameworks */,
				BEB7D09D29CF18AE002B3431 /* Resources */,
			);
			buildRules = (
			);
			dependencies = (
			);
			name = "Cosmic Slipway";
			packageProductDependencies = (
				BE4D01132AE6AB0B005CA4CA /* SnapKit */,
				BE4D01152AE6AB0B005CA4CA /* SnapKit-Dynamic */,
			);
			productName = "Cosmic Slipway";
			productReference = BEB7D09F29CF18AE002B3431 /* Cosmic Slipway.app */;
			productType = "com.apple.product-type.application";
		};
/* End PBXNativeTarget section */

/* Begin PBXProject section */
		BEB7D09729CF18AD002B3431 /* Project object */ = {
			isa = PBXProject;
			attributes = {
				BuildIndependentTargetsInParallel = 1;
				LastSwiftUpdateCheck = 1420;
				LastUpgradeCheck = 1500;
				TargetAttributes = {
					BEB7D09E29CF18AE002B3431 = {
						CreatedOnToolsVersion = 14.2;
					};
				};
			};
			buildConfigurationList = BEB7D09A29CF18AD002B3431 /* Build configuration list for PBXProject "Cosmic Slipway" */;
			compatibilityVersion = "Xcode 14.0";
			developmentRegion = en;
			hasScannedForEncodings = 0;
			knownRegions = (
				en,
				Base,
			);
			mainGroup = BEB7D09629CF18AD002B3431;
			packageReferences = (
				BE4D01122AE6AB0B005CA4CA /* XCRemoteSwiftPackageReference "SnapKit" */,
			);
			productRefGroup = BEB7D0A029CF18AE002B3431 /* Products */;
			projectDirPath = "";
			projectRoot = "";
			targets = (
				BEB7D09E29CF18AE002B3431 /* Cosmic Slipway */,
			);
		};
/* End PBXProject section */

/* Begin PBXResourcesBuildPhase section */
		BEB7D09D29CF18AE002B3431 /* Resources */ = {
			isa = PBXResourcesBuildPhase;
			buildActionMask = 2147483647;
			files = (
				BEEA423029D09684008B98E4 /* Figtree-Regular.ttf in Resources */,
				BEEA422D29D06CB6008B98E4 /* Figtree-ExtraBold.ttf in Resources */,
				BEB7D0AF29CF18B3002B3431 /* LaunchScreen.storyboard in Resources */,
				BEB7D0AC29CF18B3002B3431 /* Assets.xcassets in Resources */,
			);
			runOnlyForDeploymentPostprocessing = 0;
		};
/* End PBXResourcesBuildPhase section */

/* Begin PBXSourcesBuildPhase section */
		BEB7D09B29CF18AE002B3431 /* Sources */ = {
			isa = PBXSourcesBuildPhase;
			buildActionMask = 2147483647;
			files = (
				BEB7D0C629CF5D1A002B3431 /* UIView+Extension.swift in Sources */,
				BEC331E92AEA95AF00630D0D /* MainModel.swift in Sources */,
				BEB0624229D1AE2B005AEB24 /* Colors.swift in Sources */,
				BE4D01112AE6A057005CA4CA /* ViewsFactory.swift in Sources */,
				BEAC9BD729E43834009987A3 /* MainTabBarController.swift in Sources */,
				BEEA422529D03B57008B98E4 /* ShipsCell.swift in Sources */,
				BEB0624429D1B5A0005AEB24 /* Images.swift in Sources */,
				BEC331ED2AEA97B600630D0D /* ShipModels.swift in Sources */,
				BEB7D0A729CF18AE002B3431 /* MainViewController.swift in Sources */,
				BEB7D0A329CF18AE002B3431 /* AppDelegate.swift in Sources */,
				BEB0624729D1B71F005AEB24 /* Fonts.swift in Sources */,
				BEB7D0A529CF18AE002B3431 /* SceneDelegate.swift in Sources */,
				BEC331E72AEA957100630D0D /* MainViewModel.swift in Sources */,
				BEEA422729D044B2008B98E4 /* UIColor+Extension.swift in Sources */,
			);
			runOnlyForDeploymentPostprocessing = 0;
		};
/* End PBXSourcesBuildPhase section */

/* Begin PBXVariantGroup section */
		BEB7D0AD29CF18B3002B3431 /* LaunchScreen.storyboard */ = {
			isa = PBXVariantGroup;
			children = (
				BEB7D0AE29CF18B3002B3431 /* Base */,
			);
			name = LaunchScreen.storyboard;
			sourceTree = "<group>";
		};
/* End PBXVariantGroup section */

/* Begin XCBuildConfiguration section */
		BEB7D0B129CF18B3002B3431 /* Debug */ = {
			isa = XCBuildConfiguration;
			buildSettings = {
				ALWAYS_SEARCH_USER_PATHS = NO;
				CLANG_ANALYZER_NONNULL = YES;
				CLANG_ANALYZER_NUMBER_OBJECT_CONVERSION = YES_AGGRESSIVE;
				CLANG_CXX_LANGUAGE_STANDARD = "gnu++20";
				CLANG_ENABLE_MODULES = YES;
				CLANG_ENABLE_OBJC_ARC = YES;
				CLANG_ENABLE_OBJC_WEAK = YES;
				CLANG_WARN_BLOCK_CAPTURE_AUTORELEASING = YES;
				CLANG_WARN_BOOL_CONVERSION = YES;
				CLANG_WARN_COMMA = YES;
				CLANG_WARN_CONSTANT_CONVERSION = YES;
				CLANG_WARN_DEPRECATED_OBJC_IMPLEMENTATIONS = YES;
				CLANG_WARN_DIRECT_OBJC_ISA_USAGE = YES_ERROR;
				CLANG_WARN_DOCUMENTATION_COMMENTS = YES;
				CLANG_WARN_EMPTY_BODY = YES;
				CLANG_WARN_ENUM_CONVERSION = YES;
				CLANG_WARN_INFINITE_RECURSION = YES;
				CLANG_WARN_INT_CONVERSION = YES;
				CLANG_WARN_NON_LITERAL_NULL_CONVERSION = YES;
				CLANG_WARN_OBJC_IMPLICIT_RETAIN_SELF = YES;
				CLANG_WARN_OBJC_LITERAL_CONVERSION = YES;
				CLANG_WARN_OBJC_ROOT_CLASS = YES_ERROR;
				CLANG_WARN_QUOTED_INCLUDE_IN_FRAMEWORK_HEADER = YES;
				CLANG_WARN_RANGE_LOOP_ANALYSIS = YES;
				CLANG_WARN_STRICT_PROTOTYPES = YES;
				CLANG_WARN_SUSPICIOUS_MOVE = YES;
				CLANG_WARN_UNGUARDED_AVAILABILITY = YES_AGGRESSIVE;
				CLANG_WARN_UNREACHABLE_CODE = YES;
				CLANG_WARN__DUPLICATE_METHOD_MATCH = YES;
				COPY_PHASE_STRIP = NO;
				DEBUG_INFORMATION_FORMAT = dwarf;
				ENABLE_STRICT_OBJC_MSGSEND = YES;
				ENABLE_TESTABILITY = YES;
				ENABLE_USER_SCRIPT_SANDBOXING = YES;
				GCC_C_LANGUAGE_STANDARD = gnu11;
				GCC_DYNAMIC_NO_PIC = NO;
				GCC_NO_COMMON_BLOCKS = YES;
				GCC_OPTIMIZATION_LEVEL = 0;
				GCC_PREPROCESSOR_DEFINITIONS = (
					"DEBUG=1",
					"$(inherited)",
				);
				GCC_WARN_64_TO_32_BIT_CONVERSION = YES;
				GCC_WARN_ABOUT_RETURN_TYPE = YES_ERROR;
				GCC_WARN_UNDECLARED_SELECTOR = YES;
				GCC_WARN_UNINITIALIZED_AUTOS = YES_AGGRESSIVE;
				GCC_WARN_UNUSED_FUNCTION = YES;
				GCC_WARN_UNUSED_VARIABLE = YES;
				IPHONEOS_DEPLOYMENT_TARGET = 13.0;
				MTL_ENABLE_DEBUG_INFO = INCLUDE_SOURCE;
				MTL_FAST_MATH = YES;
				ONLY_ACTIVE_ARCH = YES;
				SDKROOT = iphoneos;
				SWIFT_ACTIVE_COMPILATION_CONDITIONS = DEBUG;
				SWIFT_OPTIMIZATION_LEVEL = "-Onone";
			};
			name = Debug;
		};
		BEB7D0B229CF18B3002B3431 /* Release */ = {
			isa = XCBuildConfiguration;
			buildSettings = {
				ALWAYS_SEARCH_USER_PATHS = NO;
				CLANG_ANALYZER_NONNULL = YES;
				CLANG_ANALYZER_NUMBER_OBJECT_CONVERSION = YES_AGGRESSIVE;
				CLANG_CXX_LANGUAGE_STANDARD = "gnu++20";
				CLANG_ENABLE_MODULES = YES;
				CLANG_ENABLE_OBJC_ARC = YES;
				CLANG_ENABLE_OBJC_WEAK = YES;
				CLANG_WARN_BLOCK_CAPTURE_AUTORELEASING = YES;
				CLANG_WARN_BOOL_CONVERSION = YES;
				CLANG_WARN_COMMA = YES;
				CLANG_WARN_CONSTANT_CONVERSION = YES;
				CLANG_WARN_DEPRECATED_OBJC_IMPLEMENTATIONS = YES;
				CLANG_WARN_DIRECT_OBJC_ISA_USAGE = YES_ERROR;
				CLANG_WARN_DOCUMENTATION_COMMENTS = YES;
				CLANG_WARN_EMPTY_BODY = YES;
				CLANG_WARN_ENUM_CONVERSION = YES;
				CLANG_WARN_INFINITE_RECURSION = YES;
				CLANG_WARN_INT_CONVERSION = YES;
				CLANG_WARN_NON_LITERAL_NULL_CONVERSION = YES;
				CLANG_WARN_OBJC_IMPLICIT_RETAIN_SELF = YES;
				CLANG_WARN_OBJC_LITERAL_CONVERSION = YES;
				CLANG_WARN_OBJC_ROOT_CLASS = YES_ERROR;
				CLANG_WARN_QUOTED_INCLUDE_IN_FRAMEWORK_HEADER = YES;
				CLANG_WARN_RANGE_LOOP_ANALYSIS = YES;
				CLANG_WARN_STRICT_PROTOTYPES = YES;
				CLANG_WARN_SUSPICIOUS_MOVE = YES;
				CLANG_WARN_UNGUARDED_AVAILABILITY = YES_AGGRESSIVE;
				CLANG_WARN_UNREACHABLE_CODE = YES;
				CLANG_WARN__DUPLICATE_METHOD_MATCH = YES;
				COPY_PHASE_STRIP = NO;
				DEBUG_INFORMATION_FORMAT = "dwarf-with-dsym";
				ENABLE_NS_ASSERTIONS = NO;
				ENABLE_STRICT_OBJC_MSGSEND = YES;
				ENABLE_USER_SCRIPT_SANDBOXING = YES;
				GCC_C_LANGUAGE_STANDARD = gnu11;
				GCC_NO_COMMON_BLOCKS = YES;
				GCC_WARN_64_TO_32_BIT_CONVERSION = YES;
				GCC_WARN_ABOUT_RETURN_TYPE = YES_ERROR;
				GCC_WARN_UNDECLARED_SELECTOR = YES;
				GCC_WARN_UNINITIALIZED_AUTOS = YES_AGGRESSIVE;
				GCC_WARN_UNUSED_FUNCTION = YES;
				GCC_WARN_UNUSED_VARIABLE = YES;
				IPHONEOS_DEPLOYMENT_TARGET = 13.0;
				MTL_ENABLE_DEBUG_INFO = NO;
				MTL_FAST_MATH = YES;
				SDKROOT = iphoneos;
				SWIFT_COMPILATION_MODE = wholemodule;
				SWIFT_OPTIMIZATION_LEVEL = "-O";
				VALIDATE_PRODUCT = YES;
			};
			name = Release;
		};
		BEB7D0B429CF18B3002B3431 /* Debug */ = {
			isa = XCBuildConfiguration;
			buildSettings = {
				ASSETCATALOG_COMPILER_APPICON_NAME = AppIcon;
				ASSETCATALOG_COMPILER_GLOBAL_ACCENT_COLOR_NAME = AccentColor;
				CODE_SIGN_STYLE = Automatic;
				CURRENT_PROJECT_VERSION = 1;
				DEVELOPMENT_TEAM = 3YZWNV863X;
				GENERATE_INFOPLIST_FILE = YES;
				INFOPLIST_FILE = "Cosmic Slipway/Configuration/Info.plist";
				INFOPLIST_KEY_UIApplicationSupportsIndirectInputEvents = YES;
				INFOPLIST_KEY_UILaunchStoryboardName = LaunchScreen.storyboard;
				INFOPLIST_KEY_UIStatusBarHidden = NO;
				INFOPLIST_KEY_UIStatusBarStyle = UIStatusBarStyleLightContent;
				INFOPLIST_KEY_UISupportedInterfaceOrientations = UIInterfaceOrientationPortrait;
				IPHONEOS_DEPLOYMENT_TARGET = 13.0;
				LD_RUNPATH_SEARCH_PATHS = (
					"$(inherited)",
					"@executable_path/Frameworks",
				);
				MARKETING_VERSION = 1.0;
				PRODUCT_BUNDLE_IDENTIFIER = "pavel.afanasiev.Cosmic-Slipway";
				PRODUCT_NAME = "$(TARGET_NAME)";
				SUPPORTED_PLATFORMS = "iphoneos iphonesimulator";
				SUPPORTS_MACCATALYST = NO;
				SUPPORTS_MAC_DESIGNED_FOR_IPHONE_IPAD = NO;
				SWIFT_EMIT_LOC_STRINGS = YES;
				SWIFT_VERSION = 5.0;
				TARGETED_DEVICE_FAMILY = 1;
			};
			name = Debug;
		};
		BEB7D0B529CF18B3002B3431 /* Release */ = {
			isa = XCBuildConfiguration;
			buildSettings = {
				ASSETCATALOG_COMPILER_APPICON_NAME = AppIcon;
				ASSETCATALOG_COMPILER_GLOBAL_ACCENT_COLOR_NAME = AccentColor;
				CODE_SIGN_STYLE = Automatic;
				CURRENT_PROJECT_VERSION = 1;
				DEVELOPMENT_TEAM = 3YZWNV863X;
				GENERATE_INFOPLIST_FILE = YES;
				INFOPLIST_FILE = "Cosmic Slipway/Configuration/Info.plist";
				INFOPLIST_KEY_UIApplicationSupportsIndirectInputEvents = YES;
				INFOPLIST_KEY_UILaunchStoryboardName = LaunchScreen.storyboard;
				INFOPLIST_KEY_UIStatusBarHidden = NO;
				INFOPLIST_KEY_UIStatusBarStyle = UIStatusBarStyleLightContent;
				INFOPLIST_KEY_UISupportedInterfaceOrientations = UIInterfaceOrientationPortrait;
				IPHONEOS_DEPLOYMENT_TARGET = 13.0;
				LD_RUNPATH_SEARCH_PATHS = (
					"$(inherited)",
					"@executable_path/Frameworks",
				);
				MARKETING_VERSION = 1.0;
				PRODUCT_BUNDLE_IDENTIFIER = "pavel.afanasiev.Cosmic-Slipway";
				PRODUCT_NAME = "$(TARGET_NAME)";
				SUPPORTED_PLATFORMS = "iphoneos iphonesimulator";
				SUPPORTS_MACCATALYST = NO;
				SUPPORTS_MAC_DESIGNED_FOR_IPHONE_IPAD = NO;
				SWIFT_EMIT_LOC_STRINGS = YES;
				SWIFT_VERSION = 5.0;
				TARGETED_DEVICE_FAMILY = 1;
			};
			name = Release;
		};
/* End XCBuildConfiguration section */

/* Begin XCConfigurationList section */
		BEB7D09A29CF18AD002B3431 /* Build configuration list for PBXProject "Cosmic Slipway" */ = {
			isa = XCConfigurationList;
			buildConfigurations = (
				BEB7D0B129CF18B3002B3431 /* Debug */,
				BEB7D0B229CF18B3002B3431 /* Release */,
			);
			defaultConfigurationIsVisible = 0;
			defaultConfigurationName = Release;
		};
		BEB7D0B329CF18B3002B3431 /* Build configuration list for PBXNativeTarget "Cosmic Slipway" */ = {
			isa = XCConfigurationList;
			buildConfigurations = (
				BEB7D0B429CF18B3002B3431 /* Debug */,
				BEB7D0B529CF18B3002B3431 /* Release */,
			);
			defaultConfigurationIsVisible = 0;
			defaultConfigurationName = Release;
		};
/* End XCConfigurationList section */

/* Begin XCRemoteSwiftPackageReference section */
		BE4D01122AE6AB0B005CA4CA /* XCRemoteSwiftPackageReference "SnapKit" */ = {
			isa = XCRemoteSwiftPackageReference;
			repositoryURL = "https://github.com/SnapKit/SnapKit.git";
			requirement = {
				kind = upToNextMajorVersion;
				minimumVersion = 5.6.0;
			};
		};
/* End XCRemoteSwiftPackageReference section */

/* Begin XCSwiftPackageProductDependency section */
		BE4D01132AE6AB0B005CA4CA /* SnapKit */ = {
			isa = XCSwiftPackageProductDependency;
			package = BE4D01122AE6AB0B005CA4CA /* XCRemoteSwiftPackageReference "SnapKit" */;
			productName = SnapKit;
		};
		BE4D01152AE6AB0B005CA4CA /* SnapKit-Dynamic */ = {
			isa = XCSwiftPackageProductDependency;
			package = BE4D01122AE6AB0B005CA4CA /* XCRemoteSwiftPackageReference "SnapKit" */;
			productName = "SnapKit-Dynamic";
		};
/* End XCSwiftPackageProductDependency section */
	};
	rootObject = BEB7D09729CF18AD002B3431 /* Project object */;
}
